// !$*UTF8*$!
{
	archiveVersion = 1;
	classes = {
	};
	objectVersion = 46;
	objects = {

/* Begin PBXBuildFile section */
		712C1A8D6E507F7AC790634F /* Pods_Prossimo.framework in Frameworks */ = {isa = PBXBuildFile; fileRef = 24C5810A9DE4136D869B270F /* Pods_Prossimo.framework */; };
		9A1856E31E84FCFE00C2EA2F /* ImageView.swift in Sources */ = {isa = PBXBuildFile; fileRef = 9A1856E21E84FCFE00C2EA2F /* ImageView.swift */; };
		9A36296C1E5D3CDA003CFAF8 /* NewClientView.swift in Sources */ = {isa = PBXBuildFile; fileRef = 9A36296B1E5D3CDA003CFAF8 /* NewClientView.swift */; };
		9A3BC6461E5A9AA700E9CA71 /* AppDelegate.swift in Sources */ = {isa = PBXBuildFile; fileRef = 9A3BC6451E5A9AA700E9CA71 /* AppDelegate.swift */; };
		9A3BC64D1E5A9AA700E9CA71 /* Main.storyboard in Resources */ = {isa = PBXBuildFile; fileRef = 9A3BC64B1E5A9AA700E9CA71 /* Main.storyboard */; };
		9A3BC6521E5A9AA700E9CA71 /* LaunchScreen.storyboard in Resources */ = {isa = PBXBuildFile; fileRef = 9A3BC6501E5A9AA700E9CA71 /* LaunchScreen.storyboard */; };
		9A3BC65C1E5AA5C300E9CA71 /* ClientsView.swift in Sources */ = {isa = PBXBuildFile; fileRef = 9A3BC65B1E5AA5C300E9CA71 /* ClientsView.swift */; };
		9A84AB581E92C7C200EF91C2 /* InstagramManager.swift in Sources */ = {isa = PBXBuildFile; fileRef = 9A84AB571E92C7C200EF91C2 /* InstagramManager.swift */; };
		9AAF34C31E70F1A600CAFE44 /* EditClientView.swift in Sources */ = {isa = PBXBuildFile; fileRef = 9AAF34C21E70F1A600CAFE44 /* EditClientView.swift */; };
		9AAF34C51E70F1B500CAFE44 /* Login.swift in Sources */ = {isa = PBXBuildFile; fileRef = 9AAF34C41E70F1B500CAFE44 /* Login.swift */; };
		9AAF34C71E713A0B00CAFE44 /* PictureTimeView.swift in Sources */ = {isa = PBXBuildFile; fileRef = 9AAF34C61E713A0B00CAFE44 /* PictureTimeView.swift */; };
		9AAFE6261E96FFA1007185A0 /* OptionsView.swift in Sources */ = {isa = PBXBuildFile; fileRef = 9AAFE6251E96FFA1007185A0 /* OptionsView.swift */; };
		9AB6B8E11E84F869009231B0 /* InfoView.swift in Sources */ = {isa = PBXBuildFile; fileRef = 9AB6B8E01E84F869009231B0 /* InfoView.swift */; };
		9AB6B8EA1E84F9CA009231B0 /* SaveUserInfo.swift in Sources */ = {isa = PBXBuildFile; fileRef = 9AB6B8E91E84F9CA009231B0 /* SaveUserInfo.swift */; };
		9AD116621E5E7A9F00113753 /* ClientDetailView.swift in Sources */ = {isa = PBXBuildFile; fileRef = 9AD116611E5E7A9F00113753 /* ClientDetailView.swift */; };
		9AD116641E5E87C400113753 /* Client.swift in Sources */ = {isa = PBXBuildFile; fileRef = 9AD116631E5E87C400113753 /* Client.swift */; };
		9AD2B3681E8C2F3800DF308C /* GoogleService-Info.plist in Resources */ = {isa = PBXBuildFile; fileRef = 9AD2B3671E8C2F3800DF308C /* GoogleService-Info.plist */; };
		9AD676501E94A0FD00F8BBFB /* Assets.xcassets in Resources */ = {isa = PBXBuildFile; fileRef = 9AD6764F1E94A0FD00F8BBFB /* Assets.xcassets */; };
/* End PBXBuildFile section */

/* Begin PBXContainerItemProxy section */
		9A63D3271E945AF200F67805 /* PBXContainerItemProxy */ = {
			isa = PBXContainerItemProxy;
			containerPortal = 9AD2B33A1E8AE50800DF308C /* Pods.xcodeproj */;
			proxyType = 2;
			remoteGlobalIDString = BFA041DC3488859FF6CBA0E35ECE8352;
			remoteInfo = GoogleToolboxForMac;
		};
		9A63D3291E945AF200F67805 /* PBXContainerItemProxy */ = {
			isa = PBXContainerItemProxy;
			containerPortal = 9AD2B33A1E8AE50800DF308C /* Pods.xcodeproj */;
			proxyType = 2;
			remoteGlobalIDString = CC719DD1D8B8A8DA24EDA724E98998F7;
			remoteInfo = GTMOAuth2;
		};
		9A63D32B1E945AF200F67805 /* PBXContainerItemProxy */ = {
			isa = PBXContainerItemProxy;
			containerPortal = 9AD2B33A1E8AE50800DF308C /* Pods.xcodeproj */;
			proxyType = 2;
			remoteGlobalIDString = 58902FFEB46AA0AC1B2A04D6779BDF37;
			remoteInfo = GTMSessionFetcher;
		};
		9A63D32D1E945AF200F67805 /* PBXContainerItemProxy */ = {
			isa = PBXContainerItemProxy;
			containerPortal = 9AD2B33A1E8AE50800DF308C /* Pods.xcodeproj */;
			proxyType = 2;
			remoteGlobalIDString = 7EBBCDF8441B5D1CC9569F15995D4E88;
			remoteInfo = OAuthSwift;
		};
		9A63D32F1E945AF200F67805 /* PBXContainerItemProxy */ = {
			isa = PBXContainerItemProxy;
			containerPortal = 9AD2B33A1E8AE50800DF308C /* Pods.xcodeproj */;
			proxyType = 2;
			remoteGlobalIDString = 685FE423BD5B3BB7A2815291A305C794;
			remoteInfo = SDWebImage;
		};
		9AAFE62E1E96FFA2007185A0 /* PBXContainerItemProxy */ = {
			isa = PBXContainerItemProxy;
			containerPortal = 9AD2B33A1E8AE50800DF308C /* Pods.xcodeproj */;
			proxyType = 2;
			remoteGlobalIDString = C1C3A1F3151E2A6B9195EE4A64EEE7F8;
			remoteInfo = FontAwesomeKit;
		};
		9AD2B35D1E8B51BC00DF308C /* PBXContainerItemProxy */ = {
			isa = PBXContainerItemProxy;
			containerPortal = 9AD2B33A1E8AE50800DF308C /* Pods.xcodeproj */;
			proxyType = 2;
			remoteGlobalIDString = C30A619348FE2B9BC193A54811D763D4;
			remoteInfo = "Pods-Prossimo";
		};
/* End PBXContainerItemProxy section */

/* Begin PBXFileReference section */
		24C5810A9DE4136D869B270F /* Pods_Prossimo.framework */ = {isa = PBXFileReference; explicitFileType = wrapper.framework; includeInIndex = 0; path = Pods_Prossimo.framework; sourceTree = BUILT_PRODUCTS_DIR; };
		9A1856E21E84FCFE00C2EA2F /* ImageView.swift */ = {isa = PBXFileReference; fileEncoding = 4; lastKnownFileType = sourcecode.swift; name = ImageView.swift; path = Prossimo/ImageView.swift; sourceTree = SOURCE_ROOT; };
		9A36296B1E5D3CDA003CFAF8 /* NewClientView.swift */ = {isa = PBXFileReference; fileEncoding = 4; lastKnownFileType = sourcecode.swift; name = NewClientView.swift; path = Prossimo/NewClientView.swift; sourceTree = SOURCE_ROOT; };
		9A3BC6421E5A9AA700E9CA71 /* Prossimo.app */ = {isa = PBXFileReference; explicitFileType = wrapper.application; includeInIndex = 0; path = Prossimo.app; sourceTree = BUILT_PRODUCTS_DIR; };
		9A3BC6451E5A9AA700E9CA71 /* AppDelegate.swift */ = {isa = PBXFileReference; lastKnownFileType = sourcecode.swift; name = AppDelegate.swift; path = Prossimo/AppDelegate.swift; sourceTree = SOURCE_ROOT; };
		9A3BC64C1E5A9AA700E9CA71 /* Base */ = {isa = PBXFileReference; lastKnownFileType = file.storyboard; name = Base; path = Base.lproj/Main.storyboard; sourceTree = "<group>"; };
		9A3BC6511E5A9AA700E9CA71 /* Base */ = {isa = PBXFileReference; lastKnownFileType = file.storyboard; name = Base; path = Base.lproj/LaunchScreen.storyboard; sourceTree = "<group>"; };
		9A3BC6531E5A9AA700E9CA71 /* Info.plist */ = {isa = PBXFileReference; lastKnownFileType = text.plist; name = Info.plist; path = Prossimo/Info.plist; sourceTree = "<group>"; };
		9A3BC65B1E5AA5C300E9CA71 /* ClientsView.swift */ = {isa = PBXFileReference; fileEncoding = 4; lastKnownFileType = sourcecode.swift; name = ClientsView.swift; path = Prossimo/ClientsView.swift; sourceTree = SOURCE_ROOT; };
		9A63D3151E94502900F67805 /* BridgingHeader.h */ = {isa = PBXFileReference; fileEncoding = 4; lastKnownFileType = sourcecode.c.h; path = BridgingHeader.h; sourceTree = "<group>"; };
		9A84AB571E92C7C200EF91C2 /* InstagramManager.swift */ = {isa = PBXFileReference; fileEncoding = 4; lastKnownFileType = sourcecode.swift; name = InstagramManager.swift; path = Prossimo/InstagramManager.swift; sourceTree = "<group>"; };
		9AAF34C21E70F1A600CAFE44 /* EditClientView.swift */ = {isa = PBXFileReference; fileEncoding = 4; lastKnownFileType = sourcecode.swift; name = EditClientView.swift; path = Prossimo/EditClientView.swift; sourceTree = SOURCE_ROOT; };
		9AAF34C41E70F1B500CAFE44 /* Login.swift */ = {isa = PBXFileReference; fileEncoding = 4; lastKnownFileType = sourcecode.swift; name = Login.swift; path = Prossimo/Login.swift; sourceTree = SOURCE_ROOT; };
		9AAF34C61E713A0B00CAFE44 /* PictureTimeView.swift */ = {isa = PBXFileReference; fileEncoding = 4; lastKnownFileType = sourcecode.swift; name = PictureTimeView.swift; path = Prossimo/PictureTimeView.swift; sourceTree = SOURCE_ROOT; };
		9AAFE6251E96FFA1007185A0 /* OptionsView.swift */ = {isa = PBXFileReference; fileEncoding = 4; lastKnownFileType = sourcecode.swift; path = OptionsView.swift; sourceTree = "<group>"; };
		9AB6B8E01E84F869009231B0 /* InfoView.swift */ = {isa = PBXFileReference; fileEncoding = 4; lastKnownFileType = sourcecode.swift; name = InfoView.swift; path = Prossimo/InfoView.swift; sourceTree = SOURCE_ROOT; };
		9AB6B8E91E84F9CA009231B0 /* SaveUserInfo.swift */ = {isa = PBXFileReference; fileEncoding = 4; lastKnownFileType = sourcecode.swift; name = SaveUserInfo.swift; path = Prossimo/SaveUserInfo.swift; sourceTree = SOURCE_ROOT; };
		9AD116611E5E7A9F00113753 /* ClientDetailView.swift */ = {isa = PBXFileReference; fileEncoding = 4; lastKnownFileType = sourcecode.swift; name = ClientDetailView.swift; path = Prossimo/ClientDetailView.swift; sourceTree = SOURCE_ROOT; };
		9AD116631E5E87C400113753 /* Client.swift */ = {isa = PBXFileReference; fileEncoding = 4; lastKnownFileType = sourcecode.swift; name = Client.swift; path = Prossimo/Client.swift; sourceTree = "<group>"; };
		9AD2B33A1E8AE50800DF308C /* Pods.xcodeproj */ = {isa = PBXFileReference; lastKnownFileType = "wrapper.pb-project"; name = Pods.xcodeproj; path = Pods/Pods.xcodeproj; sourceTree = "<group>"; };
		9AD2B3671E8C2F3800DF308C /* GoogleService-Info.plist */ = {isa = PBXFileReference; fileEncoding = 4; lastKnownFileType = text.plist.xml; name = "GoogleService-Info.plist"; path = "Prossimo/GoogleService-Info.plist"; sourceTree = SOURCE_ROOT; };
		9AD6764F1E94A0FD00F8BBFB /* Assets.xcassets */ = {isa = PBXFileReference; lastKnownFileType = folder.assetcatalog; name = Assets.xcassets; path = Prossimo/Assets.xcassets; sourceTree = SOURCE_ROOT; };
		A0F609DC844E3145CC67B243 /* Pods-Prossimo.release.xcconfig */ = {isa = PBXFileReference; includeInIndex = 1; lastKnownFileType = text.xcconfig; name = "Pods-Prossimo.release.xcconfig"; path = "Pods/Target Support Files/Pods-Prossimo/Pods-Prossimo.release.xcconfig"; sourceTree = "<group>"; };
		D89157497824667341AC8B22 /* Pods-Prossimo.debug.xcconfig */ = {isa = PBXFileReference; includeInIndex = 1; lastKnownFileType = text.xcconfig; name = "Pods-Prossimo.debug.xcconfig"; path = "Pods/Target Support Files/Pods-Prossimo/Pods-Prossimo.debug.xcconfig"; sourceTree = "<group>"; };
/* End PBXFileReference section */

/* Begin PBXFrameworksBuildPhase section */
		9A3BC63F1E5A9AA700E9CA71 /* Frameworks */ = {
			isa = PBXFrameworksBuildPhase;
			buildActionMask = 2147483647;
			files = (
				712C1A8D6E507F7AC790634F /* Pods_Prossimo.framework in Frameworks */,
			);
			runOnlyForDeploymentPostprocessing = 0;
		};
/* End PBXFrameworksBuildPhase section */

/* Begin PBXGroup section */
		48218D1D823D880B272EF557 /* Pods */ = {
			isa = PBXGroup;
			children = (
				D89157497824667341AC8B22 /* Pods-Prossimo.debug.xcconfig */,
				A0F609DC844E3145CC67B243 /* Pods-Prossimo.release.xcconfig */,
			);
			name = Pods;
			sourceTree = "<group>";
		};
		68FF385C1A846D0140FD2222 /* Frameworks */ = {
			isa = PBXGroup;
			children = (
				9AD2B33A1E8AE50800DF308C /* Pods.xcodeproj */,
				24C5810A9DE4136D869B270F /* Pods_Prossimo.framework */,
			);
			name = Frameworks;
			sourceTree = "<group>";
		};
		9A3BC6391E5A9AA700E9CA71 = {
			isa = PBXGroup;
			children = (
				9A63D3151E94502900F67805 /* BridgingHeader.h */,
				9A3BC64B1E5A9AA700E9CA71 /* Main.storyboard */,
				9AAFE6251E96FFA1007185A0 /* OptionsView.swift */,
				9A1856E21E84FCFE00C2EA2F /* ImageView.swift */,
				9AAF34C61E713A0B00CAFE44 /* PictureTimeView.swift */,
				9AAF34C41E70F1B500CAFE44 /* Login.swift */,
				9A3BC65B1E5AA5C300E9CA71 /* ClientsView.swift */,
				9AD116611E5E7A9F00113753 /* ClientDetailView.swift */,
				9AAF34C21E70F1A600CAFE44 /* EditClientView.swift */,
				9AB6B8E01E84F869009231B0 /* InfoView.swift */,
				9AB6B8E91E84F9CA009231B0 /* SaveUserInfo.swift */,
				9A36296B1E5D3CDA003CFAF8 /* NewClientView.swift */,
				9A84AB571E92C7C200EF91C2 /* InstagramManager.swift */,
				9AD116631E5E87C400113753 /* Client.swift */,
				9A3BC65D1E5C194800E9CA71 /* New Group */,
				9A3BC6431E5A9AA700E9CA71 /* Products */,
				48218D1D823D880B272EF557 /* Pods */,
				68FF385C1A846D0140FD2222 /* Frameworks */,
			);
			sourceTree = "<group>";
		};
		9A3BC6431E5A9AA700E9CA71 /* Products */ = {
			isa = PBXGroup;
			children = (
				9A3BC6421E5A9AA700E9CA71 /* Prossimo.app */,
			);
			name = Products;
			sourceTree = "<group>";
		};
		9A3BC65D1E5C194800E9CA71 /* New Group */ = {
			isa = PBXGroup;
			children = (
				9AD6764F1E94A0FD00F8BBFB /* Assets.xcassets */,
				9A3BC6451E5A9AA700E9CA71 /* AppDelegate.swift */,
				9A3BC6501E5A9AA700E9CA71 /* LaunchScreen.storyboard */,
				9A3BC6531E5A9AA700E9CA71 /* Info.plist */,
				9AD2B3671E8C2F3800DF308C /* GoogleService-Info.plist */,
			);
			name = "New Group";
			path = Monique;
			sourceTree = "<group>";
		};
		9AD2B33B1E8AE50800DF308C /* Products */ = {
			isa = PBXGroup;
			children = (
				9AAFE62F1E96FFA2007185A0 /* FontAwesomeKit.framework */,
				9A63D3281E945AF200F67805 /* GoogleToolboxForMac.framework */,
				9A63D32A1E945AF200F67805 /* GTMOAuth2.framework */,
				9A63D32C1E945AF200F67805 /* GTMSessionFetcher.framework */,
				9A63D32E1E945AF200F67805 /* OAuthSwift.framework */,
				9AD2B35E1E8B51BC00DF308C /* Pods_Prossimo.framework */,
				9A63D3301E945AF200F67805 /* SDWebImage.framework */,
			);
			name = Products;
			sourceTree = "<group>";
		};
/* End PBXGroup section */

/* Begin PBXNativeTarget section */
		9A3BC6411E5A9AA700E9CA71 /* Prossimo */ = {
			isa = PBXNativeTarget;
			buildConfigurationList = 9A3BC6561E5A9AA700E9CA71 /* Build configuration list for PBXNativeTarget "Prossimo" */;
			buildPhases = (
				C8BAFA780779A159E8D8102C /* [CP] Check Pods Manifest.lock */,
				9A3BC63E1E5A9AA700E9CA71 /* Sources */,
				9A3BC63F1E5A9AA700E9CA71 /* Frameworks */,
				9A3BC6401E5A9AA700E9CA71 /* Resources */,
				F0DD158469BA70BB44D73A26 /* [CP] Embed Pods Frameworks */,
				07A7ACBE9281BCD1705299A5 /* [CP] Copy Pods Resources */,
			);
			buildRules = (
			);
			dependencies = (
			);
			name = Prossimo;
			productName = Monique;
			productReference = 9A3BC6421E5A9AA700E9CA71 /* Prossimo.app */;
			productType = "com.apple.product-type.application";
		};
/* End PBXNativeTarget section */

/* Begin PBXProject section */
		9A3BC63A1E5A9AA700E9CA71 /* Project object */ = {
			isa = PBXProject;
			attributes = {
				LastSwiftUpdateCheck = 0820;
				LastUpgradeCheck = 0820;
				ORGANIZATIONNAME = "Elrifai, Rawad";
				TargetAttributes = {
					9A3BC6411E5A9AA700E9CA71 = {
						CreatedOnToolsVersion = 8.2.1;
						DevelopmentTeam = 8WVDFQN9GC;
						LastSwiftMigration = 0820;
						ProvisioningStyle = Automatic;
					};
				};
			};
			buildConfigurationList = 9A3BC63D1E5A9AA700E9CA71 /* Build configuration list for PBXProject "Prossimo" */;
			compatibilityVersion = "Xcode 3.2";
			developmentRegion = English;
			hasScannedForEncodings = 0;
			knownRegions = (
				en,
				Base,
			);
			mainGroup = 9A3BC6391E5A9AA700E9CA71;
			productRefGroup = 9A3BC6431E5A9AA700E9CA71 /* Products */;
			projectDirPath = "";
			projectReferences = (
				{
					ProductGroup = 9AD2B33B1E8AE50800DF308C /* Products */;
					ProjectRef = 9AD2B33A1E8AE50800DF308C /* Pods.xcodeproj */;
				},
			);
			projectRoot = "";
			targets = (
				9A3BC6411E5A9AA700E9CA71 /* Prossimo */,
			);
		};
/* End PBXProject section */

/* Begin PBXReferenceProxy section */
		9A63D3281E945AF200F67805 /* GoogleToolboxForMac.framework */ = {
			isa = PBXReferenceProxy;
			fileType = wrapper.framework;
			path = GoogleToolboxForMac.framework;
			remoteRef = 9A63D3271E945AF200F67805 /* PBXContainerItemProxy */;
			sourceTree = BUILT_PRODUCTS_DIR;
		};
		9A63D32A1E945AF200F67805 /* GTMOAuth2.framework */ = {
			isa = PBXReferenceProxy;
			fileType = wrapper.framework;
			path = GTMOAuth2.framework;
			remoteRef = 9A63D3291E945AF200F67805 /* PBXContainerItemProxy */;
			sourceTree = BUILT_PRODUCTS_DIR;
		};
		9A63D32C1E945AF200F67805 /* GTMSessionFetcher.framework */ = {
			isa = PBXReferenceProxy;
			fileType = wrapper.framework;
			path = GTMSessionFetcher.framework;
			remoteRef = 9A63D32B1E945AF200F67805 /* PBXContainerItemProxy */;
			sourceTree = BUILT_PRODUCTS_DIR;
		};
		9A63D32E1E945AF200F67805 /* OAuthSwift.framework */ = {
			isa = PBXReferenceProxy;
			fileType = wrapper.framework;
			path = OAuthSwift.framework;
			remoteRef = 9A63D32D1E945AF200F67805 /* PBXContainerItemProxy */;
			sourceTree = BUILT_PRODUCTS_DIR;
		};
		9A63D3301E945AF200F67805 /* SDWebImage.framework */ = {
			isa = PBXReferenceProxy;
			fileType = wrapper.framework;
			path = SDWebImage.framework;
			remoteRef = 9A63D32F1E945AF200F67805 /* PBXContainerItemProxy */;
			sourceTree = BUILT_PRODUCTS_DIR;
		};
		9AAFE62F1E96FFA2007185A0 /* FontAwesomeKit.framework */ = {
			isa = PBXReferenceProxy;
			fileType = wrapper.framework;
			path = FontAwesomeKit.framework;
			remoteRef = 9AAFE62E1E96FFA2007185A0 /* PBXContainerItemProxy */;
			sourceTree = BUILT_PRODUCTS_DIR;
		};
		9AD2B35E1E8B51BC00DF308C /* Pods_Prossimo.framework */ = {
			isa = PBXReferenceProxy;
			fileType = wrapper.framework;
			path = Pods_Prossimo.framework;
			remoteRef = 9AD2B35D1E8B51BC00DF308C /* PBXContainerItemProxy */;
			sourceTree = BUILT_PRODUCTS_DIR;
		};
/* End PBXReferenceProxy section */

/* Begin PBXResourcesBuildPhase section */
		9A3BC6401E5A9AA700E9CA71 /* Resources */ = {
			isa = PBXResourcesBuildPhase;
			buildActionMask = 2147483647;
			files = (
				9AD2B3681E8C2F3800DF308C /* GoogleService-Info.plist in Resources */,
				9A3BC6521E5A9AA700E9CA71 /* LaunchScreen.storyboard in Resources */,
				9AD676501E94A0FD00F8BBFB /* Assets.xcassets in Resources */,
				9A3BC64D1E5A9AA700E9CA71 /* Main.storyboard in Resources */,
			);
			runOnlyForDeploymentPostprocessing = 0;
		};
/* End PBXResourcesBuildPhase section */

/* Begin PBXShellScriptBuildPhase section */
		07A7ACBE9281BCD1705299A5 /* [CP] Copy Pods Resources */ = {
			isa = PBXShellScriptBuildPhase;
			buildActionMask = 2147483647;
			files = (
			);
			inputPaths = (
			);
			name = "[CP] Copy Pods Resources";
			outputPaths = (
			);
			runOnlyForDeploymentPostprocessing = 0;
			shellPath = /bin/sh;
			shellScript = "\"${SRCROOT}/Pods/Target Support Files/Pods-Prossimo/Pods-Prossimo-resources.sh\"\n";
			showEnvVarsInLog = 0;
		};
		C8BAFA780779A159E8D8102C /* [CP] Check Pods Manifest.lock */ = {
			isa = PBXShellScriptBuildPhase;
			buildActionMask = 2147483647;
			files = (
			);
			inputPaths = (
			);
			name = "[CP] Check Pods Manifest.lock";
			outputPaths = (
			);
			runOnlyForDeploymentPostprocessing = 0;
			shellPath = /bin/sh;
			shellScript = "diff \"${PODS_ROOT}/../Podfile.lock\" \"${PODS_ROOT}/Manifest.lock\" > /dev/null\nif [ $? != 0 ] ; then\n    # print error to STDERR\n    echo \"error: The sandbox is not in sync with the Podfile.lock. Run 'pod install' or update your CocoaPods installation.\" >&2\n    exit 1\nfi\n";
			showEnvVarsInLog = 0;
		};
		F0DD158469BA70BB44D73A26 /* [CP] Embed Pods Frameworks */ = {
			isa = PBXShellScriptBuildPhase;
			buildActionMask = 2147483647;
			files = (
			);
			inputPaths = (
			);
			name = "[CP] Embed Pods Frameworks";
			outputPaths = (
			);
			runOnlyForDeploymentPostprocessing = 0;
			shellPath = /bin/sh;
			shellScript = "\"${SRCROOT}/Pods/Target Support Files/Pods-Prossimo/Pods-Prossimo-frameworks.sh\"\n";
			showEnvVarsInLog = 0;
		};
/* End PBXShellScriptBuildPhase section */

/* Begin PBXSourcesBuildPhase section */
		9A3BC63E1E5A9AA700E9CA71 /* Sources */ = {
			isa = PBXSourcesBuildPhase;
			buildActionMask = 2147483647;
			files = (
				9A3BC6461E5A9AA700E9CA71 /* AppDelegate.swift in Sources */,
				9A36296C1E5D3CDA003CFAF8 /* NewClientView.swift in Sources */,
				9AD116621E5E7A9F00113753 /* ClientDetailView.swift in Sources */,
				9AD116641E5E87C400113753 /* Client.swift in Sources */,
				9A1856E31E84FCFE00C2EA2F /* ImageView.swift in Sources */,
				9A3BC65C1E5AA5C300E9CA71 /* ClientsView.swift in Sources */,
				9AAF34C31E70F1A600CAFE44 /* EditClientView.swift in Sources */,
				9AAFE6261E96FFA1007185A0 /* OptionsView.swift in Sources */,
				9AB6B8EA1E84F9CA009231B0 /* SaveUserInfo.swift in Sources */,
				9AAF34C71E713A0B00CAFE44 /* PictureTimeView.swift in Sources */,
				9AAF34C51E70F1B500CAFE44 /* Login.swift in Sources */,
				9A84AB581E92C7C200EF91C2 /* InstagramManager.swift in Sources */,
				9AB6B8E11E84F869009231B0 /* InfoView.swift in Sources */,
			);
			runOnlyForDeploymentPostprocessing = 0;
		};
/* End PBXSourcesBuildPhase section */

/* Begin PBXVariantGroup section */
		9A3BC64B1E5A9AA700E9CA71 /* Main.storyboard */ = {
			isa = PBXVariantGroup;
			children = (
				9A3BC64C1E5A9AA700E9CA71 /* Base */,
			);
			name = Main.storyboard;
			path = Prossimo;
			sourceTree = "<group>";
		};
		9A3BC6501E5A9AA700E9CA71 /* LaunchScreen.storyboard */ = {
			isa = PBXVariantGroup;
			children = (
				9A3BC6511E5A9AA700E9CA71 /* Base */,
			);
			name = LaunchScreen.storyboard;
			path = Prossimo;
			sourceTree = SOURCE_ROOT;
		};
/* End PBXVariantGroup section */

/* Begin XCBuildConfiguration section */
		9A3BC6541E5A9AA700E9CA71 /* Debug */ = {
			isa = XCBuildConfiguration;
			buildSettings = {
				ALWAYS_SEARCH_USER_PATHS = NO;
				CLANG_ANALYZER_NONNULL = YES;
				CLANG_CXX_LANGUAGE_STANDARD = "gnu++0x";
				CLANG_CXX_LIBRARY = "libc++";
				CLANG_ENABLE_MODULES = YES;
				CLANG_ENABLE_OBJC_ARC = YES;
				CLANG_WARN_BOOL_CONVERSION = YES;
				CLANG_WARN_CONSTANT_CONVERSION = YES;
				CLANG_WARN_DIRECT_OBJC_ISA_USAGE = YES_ERROR;
				CLANG_WARN_DOCUMENTATION_COMMENTS = YES;
				CLANG_WARN_EMPTY_BODY = YES;
				CLANG_WARN_ENUM_CONVERSION = YES;
				CLANG_WARN_INFINITE_RECURSION = YES;
				CLANG_WARN_INT_CONVERSION = YES;
				CLANG_WARN_OBJC_ROOT_CLASS = YES_ERROR;
				CLANG_WARN_SUSPICIOUS_MOVE = YES;
				CLANG_WARN_UNREACHABLE_CODE = YES;
				CLANG_WARN__DUPLICATE_METHOD_MATCH = YES;
				"CODE_SIGN_IDENTITY[sdk=iphoneos*]" = "iPhone Developer";
				COPY_PHASE_STRIP = NO;
				DEBUG_INFORMATION_FORMAT = dwarf;
				ENABLE_STRICT_OBJC_MSGSEND = YES;
				ENABLE_TESTABILITY = YES;
				GCC_C_LANGUAGE_STANDARD = gnu99;
				GCC_DYNAMIC_NO_PIC = NO;
				GCC_NO_COMMON_BLOCKS = YES;
				GCC_OPTIMIZATION_LEVEL = 0;
				GCC_PREPROCESSOR_DEFINITIONS = (
					"DEBUG=1",
					"$(inherited)",
				);
				GCC_WARN_64_TO_32_BIT_CONVERSION = YES;
				GCC_WARN_ABOUT_RETURN_TYPE = YES_ERROR;
				GCC_WARN_UNDECLARED_SELECTOR = YES;
				GCC_WARN_UNINITIALIZED_AUTOS = YES_AGGRESSIVE;
				GCC_WARN_UNUSED_FUNCTION = YES;
				GCC_WARN_UNUSED_VARIABLE = YES;
				IPHONEOS_DEPLOYMENT_TARGET = 10.2;
				MTL_ENABLE_DEBUG_INFO = YES;
				ONLY_ACTIVE_ARCH = YES;
				SDKROOT = iphoneos;
				SWIFT_ACTIVE_COMPILATION_CONDITIONS = DEBUG;
				SWIFT_OPTIMIZATION_LEVEL = "-Onone";
			};
			name = Debug;
		};
		9A3BC6551E5A9AA700E9CA71 /* Release */ = {
			isa = XCBuildConfiguration;
			buildSettings = {
				ALWAYS_SEARCH_USER_PATHS = NO;
				CLANG_ANALYZER_NONNULL = YES;
				CLANG_CXX_LANGUAGE_STANDARD = "gnu++0x";
				CLANG_CXX_LIBRARY = "libc++";
				CLANG_ENABLE_MODULES = YES;
				CLANG_ENABLE_OBJC_ARC = YES;
				CLANG_WARN_BOOL_CONVERSION = YES;
				CLANG_WARN_CONSTANT_CONVERSION = YES;
				CLANG_WARN_DIRECT_OBJC_ISA_USAGE = YES_ERROR;
				CLANG_WARN_DOCUMENTATION_COMMENTS = YES;
				CLANG_WARN_EMPTY_BODY = YES;
				CLANG_WARN_ENUM_CONVERSION = YES;
				CLANG_WARN_INFINITE_RECURSION = YES;
				CLANG_WARN_INT_CONVERSION = YES;
				CLANG_WARN_OBJC_ROOT_CLASS = YES_ERROR;
				CLANG_WARN_SUSPICIOUS_MOVE = YES;
				CLANG_WARN_UNREACHABLE_CODE = YES;
				CLANG_WARN__DUPLICATE_METHOD_MATCH = YES;
				"CODE_SIGN_IDENTITY[sdk=iphoneos*]" = "iPhone Developer";
				COPY_PHASE_STRIP = NO;
				DEBUG_INFORMATION_FORMAT = "dwarf-with-dsym";
				ENABLE_NS_ASSERTIONS = NO;
				ENABLE_STRICT_OBJC_MSGSEND = YES;
				GCC_C_LANGUAGE_STANDARD = gnu99;
				GCC_NO_COMMON_BLOCKS = YES;
				GCC_WARN_64_TO_32_BIT_CONVERSION = YES;
				GCC_WARN_ABOUT_RETURN_TYPE = YES_ERROR;
				GCC_WARN_UNDECLARED_SELECTOR = YES;
				GCC_WARN_UNINITIALIZED_AUTOS = YES_AGGRESSIVE;
				GCC_WARN_UNUSED_FUNCTION = YES;
				GCC_WARN_UNUSED_VARIABLE = YES;
				IPHONEOS_DEPLOYMENT_TARGET = 10.2;
				MTL_ENABLE_DEBUG_INFO = NO;
				SDKROOT = iphoneos;
				SWIFT_OPTIMIZATION_LEVEL = "-Owholemodule";
				VALIDATE_PRODUCT = YES;
			};
			name = Release;
		};
		9A3BC6571E5A9AA700E9CA71 /* Debug */ = {
			isa = XCBuildConfiguration;
			baseConfigurationReference = D89157497824667341AC8B22 /* Pods-Prossimo.debug.xcconfig */;
			buildSettings = {
				ASSETCATALOG_COMPILER_APPICON_NAME = AppIcon;
				CLANG_ENABLE_MODULES = YES;
				DEVELOPMENT_TEAM = 8WVDFQN9GC;
				INFOPLIST_FILE = Prossimo/Info.plist;
				IPHONEOS_DEPLOYMENT_TARGET = 9.3;
				LD_RUNPATH_SEARCH_PATHS = "$(inherited) @executable_path/Frameworks";
				PRODUCT_BUNDLE_IDENTIFIER = rifai.prossimo.ios;
				PRODUCT_NAME = "$(TARGET_NAME)";
				SWIFT_OBJC_BRIDGING_HEADER = BridgingHeader.h;
				SWIFT_OPTIMIZATION_LEVEL = "-Onone";
				SWIFT_VERSION = 3.0;
			};
			name = Debug;
		};
		9A3BC6581E5A9AA700E9CA71 /* Release */ = {
			isa = XCBuildConfiguration;
			baseConfigurationReference = A0F609DC844E3145CC67B243 /* Pods-Prossimo.release.xcconfig */;
			buildSettings = {
				ASSETCATALOG_COMPILER_APPICON_NAME = AppIcon;
				CLANG_ENABLE_MODULES = YES;
				DEVELOPMENT_TEAM = 8WVDFQN9GC;
				INFOPLIST_FILE = Prossimo/Info.plist;
				IPHONEOS_DEPLOYMENT_TARGET = 9.3;
				LD_RUNPATH_SEARCH_PATHS = "$(inherited) @executable_path/Frameworks";
				PRODUCT_BUNDLE_IDENTIFIER = rifai.prossimo.ios;
				PRODUCT_NAME = "$(TARGET_NAME)";
				SWIFT_OBJC_BRIDGING_HEADER = BridgingHeader.h;
				SWIFT_VERSION = 3.0;
			};
			name = Release;
		};
/* End XCBuildConfiguration section */

/* Begin XCConfigurationList section */
		9A3BC63D1E5A9AA700E9CA71 /* Build configuration list for PBXProject "Prossimo" */ = {
			isa = XCConfigurationList;
			buildConfigurations = (
				9A3BC6541E5A9AA700E9CA71 /* Debug */,
				9A3BC6551E5A9AA700E9CA71 /* Release */,
			);
			defaultConfigurationIsVisible = 0;
			defaultConfigurationName = Release;
		};
		9A3BC6561E5A9AA700E9CA71 /* Build configuration list for PBXNativeTarget "Prossimo" */ = {
			isa = XCConfigurationList;
			buildConfigurations = (
				9A3BC6571E5A9AA700E9CA71 /* Debug */,
				9A3BC6581E5A9AA700E9CA71 /* Release */,
			);
			defaultConfigurationIsVisible = 0;
			defaultConfigurationName = Release;
		};
/* End XCConfigurationList section */
	};
	rootObject = 9A3BC63A1E5A9AA700E9CA71 /* Project object */;
}
